
Microsoft Visual Studio Solution File, Format Version 12.00
# Visual Studio Version 17
VisualStudioVersion = 17.5.33502.453
MinimumVisualStudioVersion = 10.0.40219.1
Project("{FAE04EC0-301F-11D3-BF4B-00C04F79EFBC}") = "AgendaContatos", "AgendaContatos.csproj", "{ACB93491-A184-498F-B308-E554FF6DBF5A}"
EndProject
Global
	GlobalSection(SolutionConfigurationPlatforms) = preSolution
		Debug|Any CPU = Debug|Any CPU
		Release|Any CPU = Release|Any CPU
	EndGlobalSection
	GlobalSection(ProjectConfigurationPlatforms) = postSolution
		{ACB93491-A184-498F-B308-E554FF6DBF5A}.Debug|Any CPU.ActiveCfg = Debug|Any CPU
		{ACB93491-A184-498F-B308-E554FF6DBF5A}.Debug|Any CPU.Build.0 = Debug|Any CPU
		{ACB93491-A184-498F-B308-E554FF6DBF5A}.Release|Any CPU.ActiveCfg = Release|Any CPU
		{ACB93491-A184-498F-B308-E554FF6DBF5A}.Release|Any CPU.Build.0 = Release|Any CPU
	EndGlobalSection
	GlobalSection(SolutionProperties) = preSolution
		HideSolutionNode = FALSE
	EndGlobalSection
	GlobalSection(ExtensibilityGlobals) = postSolution
		SolutionGuid = {EFEB2D6C-1C4C-4B4B-B01D-F23ED7100BBA}
	EndGlobalSection
EndGlobal
